{
  "nodes": {
    "blueprint": {
      "inputs": {
        "nixpkgs": [
          "nixpkgs"
        ],
        "systems": "systems"
      },
      "locked": {
        "lastModified": 1767386128,
        "narHash": "sha256-BJDu7dIMauO2nYRSL4aI8wDNtEm2KOb7lDKP3hxdrpo=",
        "owner": "numtide",
        "repo": "blueprint",
        "rev": "0ed984d51a3031065925ab08812a5434f40b93d4",
        "type": "github"
      },
      "original": {
        "owner": "numtide",
        "repo": "blueprint",
        "type": "github"
      }
    },
    "fenix": {
      "inputs": {
        "nixpkgs": [
          "jj-spr",
          "nixpkgs"
        ],
        "rust-analyzer-src": "rust-analyzer-src"
      },
      "locked": {
        "lastModified": 1761720242,
        "narHash": "sha256-Zi9nWw68oUDMVOhf/+Z97wVbNV2K7eEAGZugQKqU7xw=",
        "owner": "nix-community",
        "repo": "fenix",
        "rev": "8e4d32f4cc12b3f106af6e4515b36ac046a1ec91",
        "type": "github"
      },
      "original": {
        "owner": "nix-community",
        "repo": "fenix",
        "type": "github"
      }
    },
    "flake-compat": {
      "flake": false,
      "locked": {
        "lastModified": 1747046372,
        "narHash": "sha256-CIVLLkVgvHYbgI2UpXvIIBJ12HWgX+fjA8Xf8PUmqCY=",
        "owner": "edolstra",
        "repo": "flake-compat",
        "rev": "9100a0f413b0c601e0533d1d94ffd501ce2e7885",
        "type": "github"
      },
      "original": {
        "owner": "edolstra",
        "repo": "flake-compat",
        "type": "github"
      }
    },
    "flake-parts": {
      "inputs": {
        "nixpkgs-lib": "nixpkgs-lib"
      },
      "locked": {
        "lastModified": 1760948891,
        "narHash": "sha256-TmWcdiUUaWk8J4lpjzu4gCGxWY6/Ok7mOK4fIFfBuU4=",
        "owner": "hercules-ci",
        "repo": "flake-parts",
        "rev": "864599284fc7c0ba6357ed89ed5e2cd5040f0c04",
        "type": "github"
      },
      "original": {
        "owner": "hercules-ci",
        "repo": "flake-parts",
        "type": "github"
      }
    },
    "flake-utils": {
      "inputs": {
        "systems": "systems_2"
      },
      "locked": {
        "lastModified": 1731533236,
        "narHash": "sha256-l0KFg5HjrsfsO/JpG+r7fRrqm12kzFHyUHqHCVpMMbI=",
        "owner": "numtide",
        "repo": "flake-utils",
        "rev": "11707dc2f618dd54ca8739b309ec4fc024de578b",
        "type": "github"
      },
      "original": {
        "owner": "numtide",
        "repo": "flake-utils",
        "type": "github"
      }
    },
    "git-hooks": {
      "inputs": {
        "flake-compat": "flake-compat",
        "gitignore": "gitignore",
        "nixpkgs": [
          "jj-spr",
          "nixpkgs"
        ]
      },
      "locked": {
        "lastModified": 1760663237,
        "narHash": "sha256-BflA6U4AM1bzuRMR8QqzPXqh8sWVCNDzOdsxXEguJIc=",
        "owner": "cachix",
        "repo": "git-hooks.nix",
        "rev": "ca5b894d3e3e151ffc1db040b6ce4dcc75d31c37",
        "type": "github"
      },
      "original": {
        "owner": "cachix",
        "repo": "git-hooks.nix",
        "type": "github"
      }
    },
    "gitignore": {
      "inputs": {
        "nixpkgs": [
          "jj-spr",
          "git-hooks",
          "nixpkgs"
        ]
      },
      "locked": {
        "lastModified": 1709087332,
        "narHash": "sha256-HG2cCnktfHsKV0s4XW83gU3F57gaTljL9KNSuG6bnQs=",
        "owner": "hercules-ci",
        "repo": "gitignore.nix",
        "rev": "637db329424fd7e46cf4185293b9cc8c88c95394",
        "type": "github"
      },
      "original": {
        "owner": "hercules-ci",
        "repo": "gitignore.nix",
        "type": "github"
      }
    },
    "home-manager": {
      "inputs": {
        "nixpkgs": [
          "nixpkgs"
        ]
      },
      "locked": {
        "lastModified": 1768598210,
        "narHash": "sha256-kkgA32s/f4jaa4UG+2f8C225Qvclxnqs76mf8zvTVPg=",
        "owner": "nix-community",
        "repo": "home-manager",
        "rev": "c47b2cc64a629f8e075de52e4742de688f930dc6",
        "type": "github"
      },
      "original": {
        "id": "home-manager",
        "type": "indirect"
      }
    },
    "jj-spr": {
      "inputs": {
        "fenix": "fenix",
        "flake-parts": "flake-parts",
        "git-hooks": "git-hooks",
        "nixpkgs": [
          "nixpkgs"
        ],
        "treefmt-nix": "treefmt-nix"
      },
      "locked": {
        "lastModified": 1766761130,
        "narHash": "sha256-SM0tW4urrOCMw9BANVoh65G7zAMwtJw+F0LDInQHGxo=",
        "owner": "LucioFranco",
        "repo": "jj-spr",
        "rev": "93b0f224f477d01a753748e3390fa107917ef0f6",
        "type": "github"
      },
      "original": {
        "owner": "LucioFranco",
        "repo": "jj-spr",
        "type": "github"
      }
    },
    "nix-darwin": {
      "inputs": {
        "nixpkgs": [
          "nixpkgs"
        ]
      },
      "locked": {
        "lastModified": 1768561867,
        "narHash": "sha256-prGOZ+w3pZfGTRxworKcJliCNsewF0L4HUPjgU/6eaw=",
        "owner": "nix-darwin",
        "repo": "nix-darwin",
        "rev": "8b720b9662d4dd19048664b7e4216ce530591adc",
        "type": "github"
      },
      "original": {
        "id": "nix-darwin",
        "type": "indirect"
      }
    },
    "nixpkgs": {
      "locked": {
        "lastModified": 1768456270,
        "narHash": "sha256-NgaL2CCiUR6nsqUIY4yxkzz07iQUlUCany44CFv+OxY=",
        "owner": "NixOS",
        "repo": "nixpkgs",
        "rev": "f4606b01b39e09065df37905a2133905246db9ed",
        "type": "github"
      },
      "original": {
        "id": "nixpkgs",
        "type": "indirect"
      }
    },
    "nixpkgs-for-tup": {
      "locked": {
        "lastModified": 1753399495,
        "narHash": "sha256-7XG/QBqhrYOyA2houjRTL2NMa7IKZZ/somBqr+Q/6Wo=",
        "owner": "NixOS",
        "repo": "nixpkgs",
        "rev": "0d00f23f023b7215b3f1035adb5247c8ec180dbc",
        "type": "github"
      },
      "original": {
        "owner": "NixOS",
        "repo": "nixpkgs",
        "rev": "0d00f23f023b7215b3f1035adb5247c8ec180dbc",
        "type": "github"
      }
    },
    "nixpkgs-lib": {
      "locked": {
        "lastModified": 1754788789,
        "narHash": "sha256-x2rJ+Ovzq0sCMpgfgGaaqgBSwY+LST+WbZ6TytnT9Rk=",
        "owner": "nix-community",
        "repo": "nixpkgs.lib",
        "rev": "a73b9c743612e4244d865a2fdee11865283c04e6",
        "type": "github"
      },
      "original": {
        "owner": "nix-community",
        "repo": "nixpkgs.lib",
        "type": "github"
      }
    },
    "nixpkgs-unfree": {
      "inputs": {
        "nixpkgs": [
          "nixpkgs"
        ]
      },
      "locked": {
        "lastModified": 1755249704,
        "narHash": "sha256-J1mqsd/gqZ32G3YOzWk9sppLbXXLEpu37hrZfRcTtdg=",
        "owner": "numtide",
        "repo": "nixpkgs-unfree",
        "rev": "12d82a604d21a65df008bdb1515eecb96f9e55dc",
        "type": "github"
      },
      "original": {
        "owner": "numtide",
        "repo": "nixpkgs-unfree",
        "type": "github"
      }
    },
    "pyproject-build-systems": {
      "inputs": {
        "nixpkgs": [
          "serena",
          "nixpkgs"
        ],
        "pyproject-nix": [
          "serena",
          "pyproject-nix"
        ],
        "uv2nix": [
          "serena",
          "uv2nix"
        ]
      },
      "locked": {
        "lastModified": 1755484659,
        "narHash": "sha256-2FfbqsaHVQd12XFFUAinIMAuGO3853LONmva1gT3vKw=",
        "owner": "pyproject-nix",
        "repo": "build-system-pkgs",
        "rev": "9778e87c2361810ff15e287ca5895c9da4a0e900",
        "type": "github"
      },
      "original": {
        "owner": "pyproject-nix",
        "repo": "build-system-pkgs",
        "type": "github"
      }
    },
    "pyproject-nix": {
      "inputs": {
        "nixpkgs": [
          "serena",
          "nixpkgs"
        ]
      },
      "locked": {
        "lastModified": 1755886095,
        "narHash": "sha256-oMQ1YERKqiac28LB1cKjl4d0gjvK98SbGejFMfK0WGE=",
        "owner": "pyproject-nix",
        "repo": "pyproject.nix",
        "rev": "7ea903d50c20d4d3ea45ccaad7ee0d21996780c9",
        "type": "github"
      },
      "original": {
        "owner": "pyproject-nix",
        "repo": "pyproject.nix",
        "type": "github"
      }
    },
    "root": {
      "inputs": {
        "blueprint": "blueprint",
        "home-manager": "home-manager",
        "jj-spr": "jj-spr",
        "nix-darwin": "nix-darwin",
        "nixpkgs": "nixpkgs",
        "nixpkgs-for-tup": "nixpkgs-for-tup",
        "nixpkgs-unfree": "nixpkgs-unfree",
        "serena": "serena",
        "starship-jj": "starship-jj"
      }
    },
    "rust-analyzer-src": {
      "flake": false,
      "locked": {
        "lastModified": 1761686505,
        "narHash": "sha256-jX6UrGS/hABDaM4jdx3+xgH3KCHP2zKHeTa8CD5myEo=",
        "owner": "rust-lang",
        "repo": "rust-analyzer",
        "rev": "d08d54f3c10dfa41033eb780c3bddb50e09d30fc",
        "type": "github"
      },
      "original": {
        "owner": "rust-lang",
        "ref": "nightly",
        "repo": "rust-analyzer",
        "type": "github"
      }
    },
    "serena": {
      "inputs": {
        "flake-utils": "flake-utils",
        "nixpkgs": [
          "nixpkgs"
        ],
        "pyproject-build-systems": "pyproject-build-systems",
        "pyproject-nix": "pyproject-nix",
        "uv2nix": "uv2nix"
      },
      "locked": {
        "lastModified": 1768607256,
        "narHash": "sha256-t7vdwGsRa9KO5RC4mFc7BteZ38FvSKKT2UbDWpCJPIM=",
        "owner": "oraios",
        "repo": "serena",
        "rev": "b5c49c07262e3097a4cbee778d40ba22c89a4788",
        "type": "github"
      },
      "original": {
        "owner": "oraios",
        "repo": "serena",
        "type": "github"
      }
    },
    "starship-jj": {
      "inputs": {
        "fenix": [
          "jj-spr",
          "fenix"
        ],
        "flake-utils": [
          "serena",
          "flake-utils"
        ],
        "nixpkgs": [
          "nixpkgs"
        ],
        "systems": [
          "blueprint",
          "systems"
        ]
      },
      "locked": {
        "lastModified": 1766582868,
        "narHash": "sha256-MqxQI2rSfqdh0GkAmuUopGpQeuZ+EneM+vqVKDKG708=",
        "owner": "lanastara_foss",
        "repo": "starship-jj",
        "rev": "f0c5c9b64f60bfe25d0c73561ac435e93860f6e7",
        "type": "gitlab"
      },
      "original": {
        "owner": "lanastara_foss",
        "repo": "starship-jj",
        "type": "gitlab"
      }
    },
    "systems": {
      "locked": {
        "lastModified": 1681028828,
        "narHash": "sha256-Vy1rq5AaRuLzOxct8nz4T6wlgyUR7zLU309k9mBC768=",
        "owner": "nix-systems",
        "repo": "default",
        "rev": "da67096a3b9bf56a91d16901293e51ba5b49a27e",
        "type": "github"
      },
      "original": {
        "owner": "nix-systems",
        "repo": "default",
        "type": "github"
      }
    },
    "systems_2": {
      "locked": {
        "lastModified": 1681028828,
        "narHash": "sha256-Vy1rq5AaRuLzOxct8nz4T6wlgyUR7zLU309k9mBC768=",
        "owner": "nix-systems",
        "repo": "default",
        "rev": "da67096a3b9bf56a91d16901293e51ba5b49a27e",
        "type": "github"
      },
      "original": {
        "owner": "nix-systems",
        "repo": "default",
        "type": "github"
      }
    },
    "treefmt-nix": {
      "inputs": {
        "nixpkgs": [
          "jj-spr",
          "nixpkgs"
        ]
      },
      "locked": {
        "lastModified": 1761311587,
        "narHash": "sha256-Msq86cR5SjozQGCnC6H8C+0cD4rnx91BPltZ9KK613Y=",
        "owner": "numtide",
        "repo": "treefmt-nix",
        "rev": "2eddae033e4e74bf581c2d1dfa101f9033dbd2dc",
        "type": "github"
      },
      "original": {
        "owner": "numtide",
        "repo": "treefmt-nix",
        "type": "github"
      }
    },
    "uv2nix": {
      "inputs": {
        "nixpkgs": [
          "serena",
          "nixpkgs"
        ],
        "pyproject-nix": [
          "serena",
          "pyproject-nix"
        ]
      },
      "locked": {
        "lastModified": 1755887980,
        "narHash": "sha256-MD1IhwuoDXQSYcQ/JfEpMxrk6pPl+aHPXSqZLOXLHks=",
        "owner": "pyproject-nix",
        "repo": "uv2nix",
        "rev": "76778b5f457e416688324d19d8f02ec5e22cbe0c",
        "type": "github"
      },
      "original": {
        "owner": "pyproject-nix",
        "repo": "uv2nix",
        "type": "github"
      }
    }
  },
  "root": "root",
  "version": 7
}
