{
  "nodes": {
    "home-manager": {
      "inputs": {
        "nixpkgs": [
          "nixpkgs"
        ]
      },
      "locked": {
        "lastModified": 1618789951,
        "narHash": "sha256-EoQxcVIiaqjUwwTl1YF3zGnXtzEvOUDL3SBZ8ASELvU=",
        "owner": "nix-community",
        "repo": "home-manager",
        "rev": "6aa6556bcab6dc0f6398b4daa8404d788fd7a6a2",
        "type": "github"
      },
      "original": {
        "owner": "nix-community",
        "repo": "home-manager",
        "type": "github"
      }
    },
    "nixpkgs": {
      "locked": {
        "lastModified": 1618909122,
        "narHash": "sha256-rvbQKioaJli21xlPXAUO/pxO/3zL98TloG5QZmJmZKI=",
        "owner": "NixOS",
        "repo": "nixpkgs",
        "rev": "8389dcb67d934ee72c1d1e7228d92be9b3f71bad",
        "type": "github"
      },
      "original": {
        "owner": "NixOS",
        "ref": "nixpkgs-unstable",
        "repo": "nixpkgs",
        "type": "github"
      }
    },
    "root": {
      "inputs": {
        "home-manager": "home-manager",
        "nixpkgs": "nixpkgs",
        "utils": "utils"
      }
    },
    "utils": {
      "locked": {
        "lastModified": 1618868421,
        "narHash": "sha256-vyoJhLV6cJ8/tWz+l9HZLIkb9Rd9esE7p+0RL6zDR6Y=",
        "owner": "numtide",
        "repo": "flake-utils",
        "rev": "eed214942bcfb3a8cc09eb3b28ca7d7221e44a94",
        "type": "github"
      },
      "original": {
        "owner": "numtide",
        "repo": "flake-utils",
        "type": "github"
      }
    }
  },
  "root": "root",
  "version": 7
}
